
Microsoft Visual Studio Solution File, Format Version 12.00
# Visual Studio Version 17
VisualStudioVersion = 17.10.35027.167
MinimumVisualStudioVersion = 10.0.40219.1
Project("{FAE04EC0-301F-11D3-BF4B-00C04F79EFBC}") = "DPM225456_TranNamPhu_Pattern01_Abstract Factory Design Pattern", "DPM225456_TranNamPhu_Pattern01_Abstract Factory Design Pattern\DPM225456_TranNamPhu_Pattern01_Abstract Factory Design Pattern.csproj", "{68D94E26-4D70-4EED-AD8E-873C0706B2D4}"
EndProject
Project("{FAE04EC0-301F-11D3-BF4B-00C04F79EFBC}") = "DPM225456_TranNamPhu_Real01_Abstract Factory Design Pattern", "DPM225456_TranNamPhu_Real01_Abstract Factory Design Pattern\DPM225456_TranNamPhu_Real01_Abstract Factory Design Pattern.csproj", "{998D2E3A-7E23-42F3-A78E-CF2B389315E7}"
EndProject
Project("{FAE04EC0-301F-11D3-BF4B-00C04F79EFBC}") = "DPM225456_TranNamPhu_Myworld01_Abstract Factory Design Pattern", "DPM225456_TranNamPhu_Myworld01_Abstract Factory Design Pattern\DPM225456_TranNamPhu_Myworld01_Abstract Factory Design Pattern.csproj", "{D023D8B3-C0A3-448B-BC56-229261C4B1E6}"
EndProject
Project("{FAE04EC0-301F-11D3-BF4B-00C04F79EFBC}") = "PM225456_TranNamPhu_Pattern02_Builder Design Pattern", "PM225456_TranNamPhu_Pattern02_Builder Design Pattern\PM225456_TranNamPhu_Pattern02_Builder Design Pattern.csproj", "{6523BBD1-9ADE-4990-826A-96E23EBDB53B}"
EndProject
Project("{FAE04EC0-301F-11D3-BF4B-00C04F79EFBC}") = "DPM225456_TranNamPhu_Real02_Builder Design Pattern", "DPM225456_TranNamPhu_Real02_Builder Design Pattern\DPM225456_TranNamPhu_Real02_Builder Design Pattern.csproj", "{2F65D7D9-6F66-4193-B846-7A5DB11015DE}"
EndProject
Project("{FAE04EC0-301F-11D3-BF4B-00C04F79EFBC}") = "DPM225456_TranNamPhu_Myworld02_Builder Design Pattern", "DPM225456_TranNamPhu_Myworld02_Builder Design Pattern\DPM225456_TranNamPhu_Myworld02_Builder Design Pattern.csproj", "{9FFE87CD-1544-4448-864F-B0096F5D9BF5}"
EndProject
Project("{FAE04EC0-301F-11D3-BF4B-00C04F79EFBC}") = "DPM225456_TranNamPhu_Myworld03_Factory Method Design Pattern", "DPM225456_TranNamPhu_Myworld03_Factory Method Design Pattern\DPM225456_TranNamPhu_Myworld03_Factory Method Design Pattern.csproj", "{BFBB3DF1-15FC-4921-8AF1-038EC8897556}"
EndProject
Project("{FAE04EC0-301F-11D3-BF4B-00C04F79EFBC}") = "DPM225456_TranNamPhu_Pattern03_Factory Method Design Pattern", "DPM225456_TranNamPhu_Pattern03_Factory Method Design Pattern\DPM225456_TranNamPhu_Pattern03_Factory Method Design Pattern.csproj", "{5D3D73DC-8C8D-4C2A-BE72-32C51B0F19D4}"
EndProject
Project("{FAE04EC0-301F-11D3-BF4B-00C04F79EFBC}") = "DPM225456_TranNamPhu_Real03_Factory Method Design Pattern", "DPM225456_TranNamPhu_Real03_Factory Method Design Pattern\DPM225456_TranNamPhu_Real03_Factory Method Design Pattern.csproj", "{8F241293-A390-487C-AD76-67F6287297B3}"
EndProject
Project("{FAE04EC0-301F-11D3-BF4B-00C04F79EFBC}") = "DPM225456_TranNamPhu_Myworld04_Prototype Design Pattern", "DPM225456_TranNamPhu_Myworld04_Prototype Design Pattern\DPM225456_TranNamPhu_Myworld04_Prototype Design Pattern.csproj", "{396C5320-128B-4273-B73A-A0B87DD79256}"
EndProject
Project("{FAE04EC0-301F-11D3-BF4B-00C04F79EFBC}") = "DPM225456_TranNamPhu_Pattern04_Prototype Design Pattern", "DPM225456_TranNamPhu_Pattern04_Prototype Design Pattern\DPM225456_TranNamPhu_Pattern04_Prototype Design Pattern.csproj", "{1B052E90-F800-449B-A0C6-605B0A822974}"
EndProject
Project("{FAE04EC0-301F-11D3-BF4B-00C04F79EFBC}") = "DPM225456_TranNamPhu_Real04_Prototype Design Pattern", "DPM225456_TranNamPhu_Real04_Prototype Design Pattern\DPM225456_TranNamPhu_Real04_Prototype Design Pattern.csproj", "{93240BAC-93D3-4DD0-A3E9-35A904D5AE9F}"
EndProject
Project("{FAE04EC0-301F-11D3-BF4B-00C04F79EFBC}") = "DPM225456_TranNamPhu_Myworld05_Singleton Design Pattern", "DPM225456_TranNamPhu_Myworld05_Singleton Design Pattern\DPM225456_TranNamPhu_Myworld05_Singleton Design Pattern.csproj", "{776082BE-39EF-48E1-B28B-3F524D369BFF}"
EndProject
Project("{FAE04EC0-301F-11D3-BF4B-00C04F79EFBC}") = "DPM225456_TranNamPhu_Pattern05_Singleton Design Pattern", "DPM225456_TranNamPhu_Pattern05_Singleton Design Pattern\DPM225456_TranNamPhu_Pattern05_Singleton Design Pattern.csproj", "{4DC55816-C348-41BE-A278-171CE82B63A3}"
EndProject
Project("{FAE04EC0-301F-11D3-BF4B-00C04F79EFBC}") = "DPM225456_TranNamPhu_Real05_Singleton Design Pattern", "DPM225456_TranNamPhu_Real05_Singleton Design Pattern\DPM225456_TranNamPhu_Real05_Singleton Design Pattern.csproj", "{F3BC1C6D-7D28-4D00-A035-9274FA702312}"
EndProject
Project("{FAE04EC0-301F-11D3-BF4B-00C04F79EFBC}") = "DPM225456_TranNamPhu_Myworld06_Adapter Design Pattern", "DPM225456_TranNamPhu_Myworld06_Adapter Design Pattern\DPM225456_TranNamPhu_Myworld06_Adapter Design Pattern.csproj", "{E24415EB-3DBD-4889-8B5C-CC6EDDDA2889}"
EndProject
Project("{FAE04EC0-301F-11D3-BF4B-00C04F79EFBC}") = "DPM225456_TranNamPhu_Pattern06_Adapter Design Pattern", "DPM225456_TranNamPhu_Pattern06_Adapter Design Pattern\DPM225456_TranNamPhu_Pattern06_Adapter Design Pattern.csproj", "{D8321F54-8E83-46ED-B8F1-1AAB3780DE88}"
EndProject
Project("{FAE04EC0-301F-11D3-BF4B-00C04F79EFBC}") = "DPM225456_TranNamPhu_Real06_Adapter Design Pattern", "DPM225456_TranNamPhu_Real06_Adapter Design Pattern\DPM225456_TranNamPhu_Real06_Adapter Design Pattern.csproj", "{12DFE1D2-C833-41AA-AB35-D7AA9F249570}"
EndProject
Project("{FAE04EC0-301F-11D3-BF4B-00C04F79EFBC}") = "DPM225456_TranNamPhu_Myworld07_Bridge Design Pattern", "DPM225456_TranNamPhu_Myworld07_Bridge Design Pattern\DPM225456_TranNamPhu_Myworld07_Bridge Design Pattern.csproj", "{810172D5-D672-4B2B-9D96-5BAED4EA1790}"
EndProject
Project("{FAE04EC0-301F-11D3-BF4B-00C04F79EFBC}") = "DPM225456_TranNamPhu_Real07_Bridge Design Pattern", "DPM225456_TranNamPhu_Real07_Bridge Design Pattern\DPM225456_TranNamPhu_Real07_Bridge Design Pattern.csproj", "{775200B2-F3B8-462A-A4D6-1CACA38554FB}"
EndProject
Project("{FAE04EC0-301F-11D3-BF4B-00C04F79EFBC}") = "DPM225456_TranNamPhu_Pattern07_Bridge Design Pattern", "DPM225456_TranNamPhu_Pattern07_Bridge Design Pattern\DPM225456_TranNamPhu_Pattern07_Bridge Design Pattern.csproj", "{B7B011F5-6C73-4185-B922-91A766AF2329}"
EndProject
Project("{FAE04EC0-301F-11D3-BF4B-00C04F79EFBC}") = "DPM225456_TranNamPhu_Myworld08_Composite Design Pattern", "DPM225456_TranNamPhu_Myworld08_Composite Design Pattern\DPM225456_TranNamPhu_Myworld08_Composite Design Pattern.csproj", "{0737D21A-3D88-45D1-988F-260E0A39A9CA}"
EndProject
Project("{FAE04EC0-301F-11D3-BF4B-00C04F79EFBC}") = "DPM225456_TranNamPhu_Pattern08_Composite Design Pattern", "DPM225456_TranNamPhu_Pattern08_Composite Design Pattern\DPM225456_TranNamPhu_Pattern08_Composite Design Pattern.csproj", "{A27064AD-3713-459C-8425-1D9A3FEEC82F}"
EndProject
Project("{FAE04EC0-301F-11D3-BF4B-00C04F79EFBC}") = "DPM225456_TranNamPhu_Real08_Composite Design Pattern", "DPM225456_TranNamPhu_Real08_Composite Design Pattern\DPM225456_TranNamPhu_Real08_Composite Design Pattern.csproj", "{EF9B386E-FD7C-429E-8218-5B11282E37AA}"
EndProject
Project("{FAE04EC0-301F-11D3-BF4B-00C04F79EFBC}") = "DPM225456_TranNamPhu_Myworld09_Decorator Design Pattern", "DPM225456_TranNamPhu_Myworld09_Decorator Design Pattern\DPM225456_TranNamPhu_Myworld09_Decorator Design Pattern.csproj", "{EF665A1D-C66A-457B-A5B6-643E8B4E64DB}"
EndProject
Project("{FAE04EC0-301F-11D3-BF4B-00C04F79EFBC}") = "DPM225456_TranNamPhu_Pattern09_Decorator Design Pattern", "DPM225456_TranNamPhu_Pattern09_Decorator Design Pattern\DPM225456_TranNamPhu_Pattern09_Decorator Design Pattern.csproj", "{7F24B818-2747-432A-8EDE-76EFDE3D82F7}"
EndProject
Project("{FAE04EC0-301F-11D3-BF4B-00C04F79EFBC}") = "DPM225456_TranNamPhu_Real09_Decorator Design Pattern", "DPM225456_TranNamPhu_Real09_Decorator Design Pattern\DPM225456_TranNamPhu_Real09_Decorator Design Pattern.csproj", "{1F81A667-C0AA-4E61-A4FA-3D230C9AAD7C}"
EndProject
Project("{FAE04EC0-301F-11D3-BF4B-00C04F79EFBC}") = "DPM225456_TranNamPhu_Myworld10_Facade Design Pattern", "DPM225456_TranNamPhu_Myworld10_Facade Design Pattern\DPM225456_TranNamPhu_Myworld10_Facade Design Pattern.csproj", "{58460A06-EDDE-4AFB-B027-7B17B05E38B8}"
EndProject
Project("{FAE04EC0-301F-11D3-BF4B-00C04F79EFBC}") = "DPM225456_TranNamPhu_Real10_Facade Design Pattern", "DPM225456_TranNamPhu_Real10_Facade Design Pattern\DPM225456_TranNamPhu_Real10_Facade Design Pattern.csproj", "{595129D9-9ABE-45BC-A763-9D6CB064805D}"
EndProject
Project("{FAE04EC0-301F-11D3-BF4B-00C04F79EFBC}") = "DPM225456_TranNamPhu_Pattern10_Facade Design Pattern", "DPM225456_TranNamPhu_Pattern10_Facade Design Pattern\DPM225456_TranNamPhu_Pattern10_Facade Design Pattern.csproj", "{6D2AB271-89CD-43B5-89EC-1F2519106B30}"
EndProject
Project("{FAE04EC0-301F-11D3-BF4B-00C04F79EFBC}") = "DPM225456_TranNamPhu_Pattern11_Flyweight", "DPM225456_TranNamPhu_Pattern11_Flyweight\DPM225456_TranNamPhu_Pattern11_Flyweight.csproj", "{8EBBEB58-C85F-4CB6-A594-F29D758E9DD0}"
EndProject
Project("{FAE04EC0-301F-11D3-BF4B-00C04F79EFBC}") = "DPM225456_TranNamPhu_Real11_Flyweight", "DPM225456_TranNamPhu_Real11_Flyweight\DPM225456_TranNamPhu_Real11_Flyweight.csproj", "{E03587EF-F797-4D2A-B98B-747A9A913B0C}"
EndProject
Project("{FAE04EC0-301F-11D3-BF4B-00C04F79EFBC}") = "DPM225456_TranNamPhu_Pattern12_Proxy", "DPM225456_TranNamPhu_Pattern12_Proxy\DPM225456_TranNamPhu_Pattern12_Proxy.csproj", "{B1A60084-8FA6-49E1-BF02-97807FED0AAB}"
EndProject
Project("{FAE04EC0-301F-11D3-BF4B-00C04F79EFBC}") = "DPM225456_TranNamPhu_Real12_Proxy", "DPM225456_TranNamPhu_Real12_Proxy\DPM225456_TranNamPhu_Real12_Proxy.csproj", "{B5F469FA-5CC4-46FC-8E80-B18DEB29721A}"
EndProject
Project("{FAE04EC0-301F-11D3-BF4B-00C04F79EFBC}") = "DPM225456_TranNamPhu_Pattern13_Chain of Responsibility", "DPM225456_TranNamPhu_Pattern13_Chain of Responsibility\DPM225456_TranNamPhu_Pattern13_Chain of Responsibility.csproj", "{808BBCB0-4216-4501-BBA6-D3C4A16782E4}"
EndProject
Project("{FAE04EC0-301F-11D3-BF4B-00C04F79EFBC}") = "DPM225456_TranNamPhu_Real13_Chain of Responsibility", "DPM225456_TranNamPhu_Real13_Chain of Responsibility\DPM225456_TranNamPhu_Real13_Chain of Responsibility.csproj", "{22C41609-ED4E-40D0-8C02-B1D59A9B5452}"
EndProject
Project("{FAE04EC0-301F-11D3-BF4B-00C04F79EFBC}") = "DPM225456_TranNamPhu_Pattern14_Command", "DPM225456_TranNamPhu_Pattern14_Command\DPM225456_TranNamPhu_Pattern14_Command.csproj", "{CA5C0631-7F3D-4B6D-B1EE-59D76810B29C}"
EndProject
Project("{FAE04EC0-301F-11D3-BF4B-00C04F79EFBC}") = "DPM225456_TranNamPhu_Real14_Command", "DPM225456_TranNamPhu_Real14_Command\DPM225456_TranNamPhu_Real14_Command.csproj", "{118CBDD0-7668-435A-960C-B69450A8A382}"
EndProject
Project("{FAE04EC0-301F-11D3-BF4B-00C04F79EFBC}") = "DPM225456_TranNamPhu_Pattern15_Interpreter", "DPM225456_TranNamPhu_Pattern15_Interpreter\DPM225456_TranNamPhu_Pattern15_Interpreter.csproj", "{BB8AE386-3132-4DA4-BDD7-AB19174094AC}"
EndProject
Project("{FAE04EC0-301F-11D3-BF4B-00C04F79EFBC}") = "DPM225456_TranNamPhu_Real15_Interpreter", "DPM225456_TranNamPhu_Real15_Interpreter\DPM225456_TranNamPhu_Real15_Interpreter.csproj", "{0FE43865-FC7F-413B-AF84-6882EA12361D}"
EndProject
Project("{FAE04EC0-301F-11D3-BF4B-00C04F79EFBC}") = "DPM225456_TranNamPhu_Pattern16_Iterator", "DPM225456_TranNamPhu_Pattern16_Iterator\DPM225456_TranNamPhu_Pattern16_Iterator.csproj", "{C6BFF4E9-1F24-4933-8D8C-F8D147A0FF4C}"
EndProject
Project("{FAE04EC0-301F-11D3-BF4B-00C04F79EFBC}") = "DPM225456_TranNamPhu_Real16_Iterator", "DPM225456_TranNamPhu_Real16_Iterator\DPM225456_TranNamPhu_Real16_Iterator.csproj", "{E67D946A-675E-46B3-8636-F38A23E123B3}"
EndProject
Project("{FAE04EC0-301F-11D3-BF4B-00C04F79EFBC}") = "DPM225456_TranNamPhu_Pattern17_Mediator", "DPM225456_TranNamPhu_Pattern17_Mediator\DPM225456_TranNamPhu_Pattern17_Mediator.csproj", "{979591F6-46EA-409D-BAA8-ED4950B8AB95}"
EndProject
Project("{FAE04EC0-301F-11D3-BF4B-00C04F79EFBC}") = "DPM225456_TranNamPhu_Real17_Mediator", "DPM225456_TranNamPhu_Real17_Mediator\DPM225456_TranNamPhu_Real17_Mediator.csproj", "{EAADE862-A3B4-4007-9E2E-A9870A3A77C1}"
EndProject
Project("{FAE04EC0-301F-11D3-BF4B-00C04F79EFBC}") = "DPM225456_TranNamPhu_Real18_Memento", "DPM225456_TranNamPhu_Real18_Memento\DPM225456_TranNamPhu_Real18_Memento.csproj", "{F2DCEB3A-88A4-4E45-9687-B96255650260}"
EndProject
Project("{FAE04EC0-301F-11D3-BF4B-00C04F79EFBC}") = "DPM225456_TranNamPhu_Pattern18_Memento", "DPM225456_TranNamPhu_Pattern18_Memento\DPM225456_TranNamPhu_Pattern18_Memento.csproj", "{6932B2EB-31EE-4734-B012-1F806A5B5747}"
EndProject
Project("{FAE04EC0-301F-11D3-BF4B-00C04F79EFBC}") = "DPM225456_TranNamPhu_Real19_Observer", "DPM225456_TranNamPhu_Real19_Observer\DPM225456_TranNamPhu_Real19_Observer.csproj", "{CF95391E-B962-43B3-95E9-3B070B9A9F83}"
EndProject
Project("{FAE04EC0-301F-11D3-BF4B-00C04F79EFBC}") = "DPM225456_TranNamPhu_Pattern19_Observer", "DPM225456_TranNamPhu_Pattern19_Observer\DPM225456_TranNamPhu_Pattern19_Observer.csproj", "{5014ABD7-9B34-4D52-875D-E5404A241C0A}"
EndProject
Project("{FAE04EC0-301F-11D3-BF4B-00C04F79EFBC}") = "DPM225456_TranNamPhu_Real20_State", "DPM225456_TranNamPhu_Real20_State\DPM225456_TranNamPhu_Real20_State.csproj", "{D6ABEC15-B200-400C-B76B-49665F4001B5}"
EndProject
Project("{FAE04EC0-301F-11D3-BF4B-00C04F79EFBC}") = "DPM225456_TranNamPhu_Pattern20_State", "DPM225456_TranNamPhu_Pattern20_State\DPM225456_TranNamPhu_Pattern20_State.csproj", "{6A545D3A-995B-46EA-963D-C5B8F22F47D5}"
EndProject
Project("{FAE04EC0-301F-11D3-BF4B-00C04F79EFBC}") = "DPM225456_TranNamPhu_Real21_Strategy", "DPM225456_TranNamPhu_Real21_Strategy\DPM225456_TranNamPhu_Real21_Strategy.csproj", "{75DFC528-063E-4D55-976D-A90B5D0F4591}"
EndProject
Project("{FAE04EC0-301F-11D3-BF4B-00C04F79EFBC}") = "DPM225456_TranNamPhu_Pattern21_Strategy", "DPM225456_TranNamPhu_Pattern21_Strategy\DPM225456_TranNamPhu_Pattern21_Strategy.csproj", "{CCC0D30C-A3A7-49DB-AF2E-AA9F1DCCFE8F}"
EndProject
Project("{FAE04EC0-301F-11D3-BF4B-00C04F79EFBC}") = "DPM225456_TranNamPhu_Real22_Template Method", "DPM225456_TranNamPhu_Real22_Template Method\DPM225456_TranNamPhu_Real22_Template Method.csproj", "{D84E3229-1847-44A5-8D51-BD1E2C9C14D6}"
EndProject
Project("{FAE04EC0-301F-11D3-BF4B-00C04F79EFBC}") = "DPM225456_TranNamPhu_Pattern22_Template Method", "DPM225456_TranNamPhu_Pattern22_Template Method\DPM225456_TranNamPhu_Pattern22_Template Method.csproj", "{27D00775-A15C-4F30-B834-FA10F9E45F58}"
EndProject
Project("{FAE04EC0-301F-11D3-BF4B-00C04F79EFBC}") = "DPM225456_TranNamPhu_Myworld11_Flyweight", "DPM225456_TranNamPhu_Myworld11_Flyweight\DPM225456_TranNamPhu_Myworld11_Flyweight.csproj", "{23631F88-E551-4F06-995C-39B6B8FE982D}"
EndProject
Project("{FAE04EC0-301F-11D3-BF4B-00C04F79EFBC}") = "DPM225456_TranNamPhu_Myworld12_Proxy", "DPM225456_TranNamPhu_Myworld12_Proxy\DPM225456_TranNamPhu_Myworld12_Proxy.csproj", "{2F25F71A-1409-4D7A-840F-B9047B90EEB8}"
EndProject
Project("{FAE04EC0-301F-11D3-BF4B-00C04F79EFBC}") = "DPM225456_TranNamPhu_Myworld13_Chain of Responsibility", "DPM225456_TranNamPhu_Myworld13_Chain of Responsibility\DPM225456_TranNamPhu_Myworld13_Chain of Responsibility.csproj", "{BDB75C48-A4AF-4F48-908A-7163D97E8078}"
EndProject
Project("{FAE04EC0-301F-11D3-BF4B-00C04F79EFBC}") = "DPM225456_TranNamPhu_Myworld14_Command", "DPM225456_TranNamPhu_Myworld14_Command\DPM225456_TranNamPhu_Myworld14_Command.csproj", "{8D9B5E66-A515-43BE-A436-5472D9D522CF}"
EndProject
Project("{FAE04EC0-301F-11D3-BF4B-00C04F79EFBC}") = "DPM225456_TranNamPhu_Myworld15_Interpreter", "DPM225456_TranNamPhu_Myworld15_Interpreter\DPM225456_TranNamPhu_Myworld15_Interpreter.csproj", "{0083FFD7-6216-4E3B-8934-CCC462C3528C}"
EndProject
Project("{FAE04EC0-301F-11D3-BF4B-00C04F79EFBC}") = "DPM225456_TranNamPhu_Myworld16_Iterator", "DPM225456_TranNamPhu_Myworld16_Iterator\DPM225456_TranNamPhu_Myworld16_Iterator.csproj", "{88F08173-5D70-4E15-AA60-DD72DC35CC01}"
EndProject
Project("{FAE04EC0-301F-11D3-BF4B-00C04F79EFBC}") = "DPM225456_TranNamPhu_Myworld17_Mediator", "DPM225456_TranNamPhu_Myworld17_Mediator\DPM225456_TranNamPhu_Myworld17_Mediator.csproj", "{349A3A2F-22EC-4AD2-B22F-C656799B416B}"
EndProject
Project("{FAE04EC0-301F-11D3-BF4B-00C04F79EFBC}") = "DPM225456_TranNamPhu_Myworld18_Memento", "DPM225456_TranNamPhu_Myworld18_Memento\DPM225456_TranNamPhu_Myworld18_Memento.csproj", "{83658484-1A97-40D4-ACAD-A0ED37A8BA5D}"
EndProject
Project("{FAE04EC0-301F-11D3-BF4B-00C04F79EFBC}") = "DPM225456_TranNamPhu_Myworld19_Observer", "DPM225456_TranNamPhu_Myworld19_Observer\DPM225456_TranNamPhu_Myworld19_Observer.csproj", "{12B5EE48-B4F9-4C5A-AA61-8FE35A1959DE}"
EndProject
Project("{FAE04EC0-301F-11D3-BF4B-00C04F79EFBC}") = "DPM225456_TranNamPhu_Myworld20_State", "DPM225456_TranNamPhu_Myworld20_State\DPM225456_TranNamPhu_Myworld20_State.csproj", "{716814B4-552B-4699-A36E-A9A88D2883EE}"
EndProject
Project("{FAE04EC0-301F-11D3-BF4B-00C04F79EFBC}") = "DPM225456_TranNamPhu_Myworld21_Strategy", "DPM225456_TranNamPhu_Myworld21_Strategy\DPM225456_TranNamPhu_Myworld21_Strategy.csproj", "{3A70DCD5-99D0-4078-B430-7E391803C43F}"
EndProject
Project("{FAE04EC0-301F-11D3-BF4B-00C04F79EFBC}") = "DPM225456_TranNamPhu_Myworld22_Template Method", "DPM225456_TranNamPhu_Myworld22_Template Method\DPM225456_TranNamPhu_Myworld22_Template Method.csproj", "{13432AD9-A8D9-4111-BECF-AC9BBCF5CC44}"
EndProject
Global
	GlobalSection(SolutionConfigurationPlatforms) = preSolution
		Debug|Any CPU = Debug|Any CPU
		Release|Any CPU = Release|Any CPU
	EndGlobalSection
	GlobalSection(ProjectConfigurationPlatforms) = postSolution
		{68D94E26-4D70-4EED-AD8E-873C0706B2D4}.Debug|Any CPU.ActiveCfg = Debug|Any CPU
		{68D94E26-4D70-4EED-AD8E-873C0706B2D4}.Debug|Any CPU.Build.0 = Debug|Any CPU
		{68D94E26-4D70-4EED-AD8E-873C0706B2D4}.Release|Any CPU.ActiveCfg = Release|Any CPU
		{68D94E26-4D70-4EED-AD8E-873C0706B2D4}.Release|Any CPU.Build.0 = Release|Any CPU
		{998D2E3A-7E23-42F3-A78E-CF2B389315E7}.Debug|Any CPU.ActiveCfg = Debug|Any CPU
		{998D2E3A-7E23-42F3-A78E-CF2B389315E7}.Debug|Any CPU.Build.0 = Debug|Any CPU
		{998D2E3A-7E23-42F3-A78E-CF2B389315E7}.Release|Any CPU.ActiveCfg = Release|Any CPU
		{998D2E3A-7E23-42F3-A78E-CF2B389315E7}.Release|Any CPU.Build.0 = Release|Any CPU
		{D023D8B3-C0A3-448B-BC56-229261C4B1E6}.Debug|Any CPU.ActiveCfg = Debug|Any CPU
		{D023D8B3-C0A3-448B-BC56-229261C4B1E6}.Debug|Any CPU.Build.0 = Debug|Any CPU
		{D023D8B3-C0A3-448B-BC56-229261C4B1E6}.Release|Any CPU.ActiveCfg = Release|Any CPU
		{D023D8B3-C0A3-448B-BC56-229261C4B1E6}.Release|Any CPU.Build.0 = Release|Any CPU
		{6523BBD1-9ADE-4990-826A-96E23EBDB53B}.Debug|Any CPU.ActiveCfg = Debug|Any CPU
		{6523BBD1-9ADE-4990-826A-96E23EBDB53B}.Debug|Any CPU.Build.0 = Debug|Any CPU
		{6523BBD1-9ADE-4990-826A-96E23EBDB53B}.Release|Any CPU.ActiveCfg = Release|Any CPU
		{6523BBD1-9ADE-4990-826A-96E23EBDB53B}.Release|Any CPU.Build.0 = Release|Any CPU
		{2F65D7D9-6F66-4193-B846-7A5DB11015DE}.Debug|Any CPU.ActiveCfg = Debug|Any CPU
		{2F65D7D9-6F66-4193-B846-7A5DB11015DE}.Debug|Any CPU.Build.0 = Debug|Any CPU
		{2F65D7D9-6F66-4193-B846-7A5DB11015DE}.Release|Any CPU.ActiveCfg = Release|Any CPU
		{2F65D7D9-6F66-4193-B846-7A5DB11015DE}.Release|Any CPU.Build.0 = Release|Any CPU
		{9FFE87CD-1544-4448-864F-B0096F5D9BF5}.Debug|Any CPU.ActiveCfg = Debug|Any CPU
		{9FFE87CD-1544-4448-864F-B0096F5D9BF5}.Debug|Any CPU.Build.0 = Debug|Any CPU
		{9FFE87CD-1544-4448-864F-B0096F5D9BF5}.Release|Any CPU.ActiveCfg = Release|Any CPU
		{9FFE87CD-1544-4448-864F-B0096F5D9BF5}.Release|Any CPU.Build.0 = Release|Any CPU
		{BFBB3DF1-15FC-4921-8AF1-038EC8897556}.Debug|Any CPU.ActiveCfg = Debug|Any CPU
		{BFBB3DF1-15FC-4921-8AF1-038EC8897556}.Debug|Any CPU.Build.0 = Debug|Any CPU
		{BFBB3DF1-15FC-4921-8AF1-038EC8897556}.Release|Any CPU.ActiveCfg = Release|Any CPU
		{BFBB3DF1-15FC-4921-8AF1-038EC8897556}.Release|Any CPU.Build.0 = Release|Any CPU
		{5D3D73DC-8C8D-4C2A-BE72-32C51B0F19D4}.Debug|Any CPU.ActiveCfg = Debug|Any CPU
		{5D3D73DC-8C8D-4C2A-BE72-32C51B0F19D4}.Debug|Any CPU.Build.0 = Debug|Any CPU
		{5D3D73DC-8C8D-4C2A-BE72-32C51B0F19D4}.Release|Any CPU.ActiveCfg = Release|Any CPU
		{5D3D73DC-8C8D-4C2A-BE72-32C51B0F19D4}.Release|Any CPU.Build.0 = Release|Any CPU
		{8F241293-A390-487C-AD76-67F6287297B3}.Debug|Any CPU.ActiveCfg = Debug|Any CPU
		{8F241293-A390-487C-AD76-67F6287297B3}.Debug|Any CPU.Build.0 = Debug|Any CPU
		{8F241293-A390-487C-AD76-67F6287297B3}.Release|Any CPU.ActiveCfg = Release|Any CPU
		{8F241293-A390-487C-AD76-67F6287297B3}.Release|Any CPU.Build.0 = Release|Any CPU
		{396C5320-128B-4273-B73A-A0B87DD79256}.Debug|Any CPU.ActiveCfg = Debug|Any CPU
		{396C5320-128B-4273-B73A-A0B87DD79256}.Debug|Any CPU.Build.0 = Debug|Any CPU
		{396C5320-128B-4273-B73A-A0B87DD79256}.Release|Any CPU.ActiveCfg = Release|Any CPU
		{396C5320-128B-4273-B73A-A0B87DD79256}.Release|Any CPU.Build.0 = Release|Any CPU
		{1B052E90-F800-449B-A0C6-605B0A822974}.Debug|Any CPU.ActiveCfg = Debug|Any CPU
		{1B052E90-F800-449B-A0C6-605B0A822974}.Debug|Any CPU.Build.0 = Debug|Any CPU
		{1B052E90-F800-449B-A0C6-605B0A822974}.Release|Any CPU.ActiveCfg = Release|Any CPU
		{1B052E90-F800-449B-A0C6-605B0A822974}.Release|Any CPU.Build.0 = Release|Any CPU
		{93240BAC-93D3-4DD0-A3E9-35A904D5AE9F}.Debug|Any CPU.ActiveCfg = Debug|Any CPU
		{93240BAC-93D3-4DD0-A3E9-35A904D5AE9F}.Debug|Any CPU.Build.0 = Debug|Any CPU
		{93240BAC-93D3-4DD0-A3E9-35A904D5AE9F}.Release|Any CPU.ActiveCfg = Release|Any CPU
		{93240BAC-93D3-4DD0-A3E9-35A904D5AE9F}.Release|Any CPU.Build.0 = Release|Any CPU
		{776082BE-39EF-48E1-B28B-3F524D369BFF}.Debug|Any CPU.ActiveCfg = Debug|Any CPU
		{776082BE-39EF-48E1-B28B-3F524D369BFF}.Debug|Any CPU.Build.0 = Debug|Any CPU
		{776082BE-39EF-48E1-B28B-3F524D369BFF}.Release|Any CPU.ActiveCfg = Release|Any CPU
		{776082BE-39EF-48E1-B28B-3F524D369BFF}.Release|Any CPU.Build.0 = Release|Any CPU
		{4DC55816-C348-41BE-A278-171CE82B63A3}.Debug|Any CPU.ActiveCfg = Debug|Any CPU
		{4DC55816-C348-41BE-A278-171CE82B63A3}.Debug|Any CPU.Build.0 = Debug|Any CPU
		{4DC55816-C348-41BE-A278-171CE82B63A3}.Release|Any CPU.ActiveCfg = Release|Any CPU
		{4DC55816-C348-41BE-A278-171CE82B63A3}.Release|Any CPU.Build.0 = Release|Any CPU
		{F3BC1C6D-7D28-4D00-A035-9274FA702312}.Debug|Any CPU.ActiveCfg = Debug|Any CPU
		{F3BC1C6D-7D28-4D00-A035-9274FA702312}.Debug|Any CPU.Build.0 = Debug|Any CPU
		{F3BC1C6D-7D28-4D00-A035-9274FA702312}.Release|Any CPU.ActiveCfg = Release|Any CPU
		{F3BC1C6D-7D28-4D00-A035-9274FA702312}.Release|Any CPU.Build.0 = Release|Any CPU
		{E24415EB-3DBD-4889-8B5C-CC6EDDDA2889}.Debug|Any CPU.ActiveCfg = Debug|Any CPU
		{E24415EB-3DBD-4889-8B5C-CC6EDDDA2889}.Debug|Any CPU.Build.0 = Debug|Any CPU
		{E24415EB-3DBD-4889-8B5C-CC6EDDDA2889}.Release|Any CPU.ActiveCfg = Release|Any CPU
		{E24415EB-3DBD-4889-8B5C-CC6EDDDA2889}.Release|Any CPU.Build.0 = Release|Any CPU
		{D8321F54-8E83-46ED-B8F1-1AAB3780DE88}.Debug|Any CPU.ActiveCfg = Debug|Any CPU
		{D8321F54-8E83-46ED-B8F1-1AAB3780DE88}.Debug|Any CPU.Build.0 = Debug|Any CPU
		{D8321F54-8E83-46ED-B8F1-1AAB3780DE88}.Release|Any CPU.ActiveCfg = Release|Any CPU
		{D8321F54-8E83-46ED-B8F1-1AAB3780DE88}.Release|Any CPU.Build.0 = Release|Any CPU
		{12DFE1D2-C833-41AA-AB35-D7AA9F249570}.Debug|Any CPU.ActiveCfg = Debug|Any CPU
		{12DFE1D2-C833-41AA-AB35-D7AA9F249570}.Debug|Any CPU.Build.0 = Debug|Any CPU
		{12DFE1D2-C833-41AA-AB35-D7AA9F249570}.Release|Any CPU.ActiveCfg = Release|Any CPU
		{12DFE1D2-C833-41AA-AB35-D7AA9F249570}.Release|Any CPU.Build.0 = Release|Any CPU
		{810172D5-D672-4B2B-9D96-5BAED4EA1790}.Debug|Any CPU.ActiveCfg = Debug|Any CPU
		{810172D5-D672-4B2B-9D96-5BAED4EA1790}.Debug|Any CPU.Build.0 = Debug|Any CPU
		{810172D5-D672-4B2B-9D96-5BAED4EA1790}.Release|Any CPU.ActiveCfg = Release|Any CPU
		{810172D5-D672-4B2B-9D96-5BAED4EA1790}.Release|Any CPU.Build.0 = Release|Any CPU
		{775200B2-F3B8-462A-A4D6-1CACA38554FB}.Debug|Any CPU.ActiveCfg = Debug|Any CPU
		{775200B2-F3B8-462A-A4D6-1CACA38554FB}.Debug|Any CPU.Build.0 = Debug|Any CPU
		{775200B2-F3B8-462A-A4D6-1CACA38554FB}.Release|Any CPU.ActiveCfg = Release|Any CPU
		{775200B2-F3B8-462A-A4D6-1CACA38554FB}.Release|Any CPU.Build.0 = Release|Any CPU
		{B7B011F5-6C73-4185-B922-91A766AF2329}.Debug|Any CPU.ActiveCfg = Debug|Any CPU
		{B7B011F5-6C73-4185-B922-91A766AF2329}.Debug|Any CPU.Build.0 = Debug|Any CPU
		{B7B011F5-6C73-4185-B922-91A766AF2329}.Release|Any CPU.ActiveCfg = Release|Any CPU
		{B7B011F5-6C73-4185-B922-91A766AF2329}.Release|Any CPU.Build.0 = Release|Any CPU
		{0737D21A-3D88-45D1-988F-260E0A39A9CA}.Debug|Any CPU.ActiveCfg = Debug|Any CPU
		{0737D21A-3D88-45D1-988F-260E0A39A9CA}.Debug|Any CPU.Build.0 = Debug|Any CPU
		{0737D21A-3D88-45D1-988F-260E0A39A9CA}.Release|Any CPU.ActiveCfg = Release|Any CPU
		{0737D21A-3D88-45D1-988F-260E0A39A9CA}.Release|Any CPU.Build.0 = Release|Any CPU
		{A27064AD-3713-459C-8425-1D9A3FEEC82F}.Debug|Any CPU.ActiveCfg = Debug|Any CPU
		{A27064AD-3713-459C-8425-1D9A3FEEC82F}.Debug|Any CPU.Build.0 = Debug|Any CPU
		{A27064AD-3713-459C-8425-1D9A3FEEC82F}.Release|Any CPU.ActiveCfg = Release|Any CPU
		{A27064AD-3713-459C-8425-1D9A3FEEC82F}.Release|Any CPU.Build.0 = Release|Any CPU
		{EF9B386E-FD7C-429E-8218-5B11282E37AA}.Debug|Any CPU.ActiveCfg = Debug|Any CPU
		{EF9B386E-FD7C-429E-8218-5B11282E37AA}.Debug|Any CPU.Build.0 = Debug|Any CPU
		{EF9B386E-FD7C-429E-8218-5B11282E37AA}.Release|Any CPU.ActiveCfg = Release|Any CPU
		{EF9B386E-FD7C-429E-8218-5B11282E37AA}.Release|Any CPU.Build.0 = Release|Any CPU
		{EF665A1D-C66A-457B-A5B6-643E8B4E64DB}.Debug|Any CPU.ActiveCfg = Debug|Any CPU
		{EF665A1D-C66A-457B-A5B6-643E8B4E64DB}.Debug|Any CPU.Build.0 = Debug|Any CPU
		{EF665A1D-C66A-457B-A5B6-643E8B4E64DB}.Release|Any CPU.ActiveCfg = Release|Any CPU
		{EF665A1D-C66A-457B-A5B6-643E8B4E64DB}.Release|Any CPU.Build.0 = Release|Any CPU
		{7F24B818-2747-432A-8EDE-76EFDE3D82F7}.Debug|Any CPU.ActiveCfg = Debug|Any CPU
		{7F24B818-2747-432A-8EDE-76EFDE3D82F7}.Debug|Any CPU.Build.0 = Debug|Any CPU
		{7F24B818-2747-432A-8EDE-76EFDE3D82F7}.Release|Any CPU.ActiveCfg = Release|Any CPU
		{7F24B818-2747-432A-8EDE-76EFDE3D82F7}.Release|Any CPU.Build.0 = Release|Any CPU
		{1F81A667-C0AA-4E61-A4FA-3D230C9AAD7C}.Debug|Any CPU.ActiveCfg = Debug|Any CPU
		{1F81A667-C0AA-4E61-A4FA-3D230C9AAD7C}.Debug|Any CPU.Build.0 = Debug|Any CPU
		{1F81A667-C0AA-4E61-A4FA-3D230C9AAD7C}.Release|Any CPU.ActiveCfg = Release|Any CPU
		{1F81A667-C0AA-4E61-A4FA-3D230C9AAD7C}.Release|Any CPU.Build.0 = Release|Any CPU
		{58460A06-EDDE-4AFB-B027-7B17B05E38B8}.Debug|Any CPU.ActiveCfg = Debug|Any CPU
		{58460A06-EDDE-4AFB-B027-7B17B05E38B8}.Debug|Any CPU.Build.0 = Debug|Any CPU
		{58460A06-EDDE-4AFB-B027-7B17B05E38B8}.Release|Any CPU.ActiveCfg = Release|Any CPU
		{58460A06-EDDE-4AFB-B027-7B17B05E38B8}.Release|Any CPU.Build.0 = Release|Any CPU
		{595129D9-9ABE-45BC-A763-9D6CB064805D}.Debug|Any CPU.ActiveCfg = Debug|Any CPU
		{595129D9-9ABE-45BC-A763-9D6CB064805D}.Debug|Any CPU.Build.0 = Debug|Any CPU
		{595129D9-9ABE-45BC-A763-9D6CB064805D}.Release|Any CPU.ActiveCfg = Release|Any CPU
		{595129D9-9ABE-45BC-A763-9D6CB064805D}.Release|Any CPU.Build.0 = Release|Any CPU
		{6D2AB271-89CD-43B5-89EC-1F2519106B30}.Debug|Any CPU.ActiveCfg = Debug|Any CPU
		{6D2AB271-89CD-43B5-89EC-1F2519106B30}.Debug|Any CPU.Build.0 = Debug|Any CPU
		{6D2AB271-89CD-43B5-89EC-1F2519106B30}.Release|Any CPU.ActiveCfg = Release|Any CPU
		{6D2AB271-89CD-43B5-89EC-1F2519106B30}.Release|Any CPU.Build.0 = Release|Any CPU
		{8EBBEB58-C85F-4CB6-A594-F29D758E9DD0}.Debug|Any CPU.ActiveCfg = Debug|Any CPU
		{8EBBEB58-C85F-4CB6-A594-F29D758E9DD0}.Debug|Any CPU.Build.0 = Debug|Any CPU
		{8EBBEB58-C85F-4CB6-A594-F29D758E9DD0}.Release|Any CPU.ActiveCfg = Release|Any CPU
		{8EBBEB58-C85F-4CB6-A594-F29D758E9DD0}.Release|Any CPU.Build.0 = Release|Any CPU
		{E03587EF-F797-4D2A-B98B-747A9A913B0C}.Debug|Any CPU.ActiveCfg = Debug|Any CPU
		{E03587EF-F797-4D2A-B98B-747A9A913B0C}.Debug|Any CPU.Build.0 = Debug|Any CPU
		{E03587EF-F797-4D2A-B98B-747A9A913B0C}.Release|Any CPU.ActiveCfg = Release|Any CPU
		{E03587EF-F797-4D2A-B98B-747A9A913B0C}.Release|Any CPU.Build.0 = Release|Any CPU
		{B1A60084-8FA6-49E1-BF02-97807FED0AAB}.Debug|Any CPU.ActiveCfg = Debug|Any CPU
		{B1A60084-8FA6-49E1-BF02-97807FED0AAB}.Debug|Any CPU.Build.0 = Debug|Any CPU
		{B1A60084-8FA6-49E1-BF02-97807FED0AAB}.Release|Any CPU.ActiveCfg = Release|Any CPU
		{B1A60084-8FA6-49E1-BF02-97807FED0AAB}.Release|Any CPU.Build.0 = Release|Any CPU
		{B5F469FA-5CC4-46FC-8E80-B18DEB29721A}.Debug|Any CPU.ActiveCfg = Debug|Any CPU
		{B5F469FA-5CC4-46FC-8E80-B18DEB29721A}.Debug|Any CPU.Build.0 = Debug|Any CPU
		{B5F469FA-5CC4-46FC-8E80-B18DEB29721A}.Release|Any CPU.ActiveCfg = Release|Any CPU
		{B5F469FA-5CC4-46FC-8E80-B18DEB29721A}.Release|Any CPU.Build.0 = Release|Any CPU
		{808BBCB0-4216-4501-BBA6-D3C4A16782E4}.Debug|Any CPU.ActiveCfg = Debug|Any CPU
		{808BBCB0-4216-4501-BBA6-D3C4A16782E4}.Debug|Any CPU.Build.0 = Debug|Any CPU
		{808BBCB0-4216-4501-BBA6-D3C4A16782E4}.Release|Any CPU.ActiveCfg = Release|Any CPU
		{808BBCB0-4216-4501-BBA6-D3C4A16782E4}.Release|Any CPU.Build.0 = Release|Any CPU
		{22C41609-ED4E-40D0-8C02-B1D59A9B5452}.Debug|Any CPU.ActiveCfg = Debug|Any CPU
		{22C41609-ED4E-40D0-8C02-B1D59A9B5452}.Debug|Any CPU.Build.0 = Debug|Any CPU
		{22C41609-ED4E-40D0-8C02-B1D59A9B5452}.Release|Any CPU.ActiveCfg = Release|Any CPU
		{22C41609-ED4E-40D0-8C02-B1D59A9B5452}.Release|Any CPU.Build.0 = Release|Any CPU
		{CA5C0631-7F3D-4B6D-B1EE-59D76810B29C}.Debug|Any CPU.ActiveCfg = Debug|Any CPU
		{CA5C0631-7F3D-4B6D-B1EE-59D76810B29C}.Debug|Any CPU.Build.0 = Debug|Any CPU
		{CA5C0631-7F3D-4B6D-B1EE-59D76810B29C}.Release|Any CPU.ActiveCfg = Release|Any CPU
		{CA5C0631-7F3D-4B6D-B1EE-59D76810B29C}.Release|Any CPU.Build.0 = Release|Any CPU
		{118CBDD0-7668-435A-960C-B69450A8A382}.Debug|Any CPU.ActiveCfg = Debug|Any CPU
		{118CBDD0-7668-435A-960C-B69450A8A382}.Debug|Any CPU.Build.0 = Debug|Any CPU
		{118CBDD0-7668-435A-960C-B69450A8A382}.Release|Any CPU.ActiveCfg = Release|Any CPU
		{118CBDD0-7668-435A-960C-B69450A8A382}.Release|Any CPU.Build.0 = Release|Any CPU
		{BB8AE386-3132-4DA4-BDD7-AB19174094AC}.Debug|Any CPU.ActiveCfg = Debug|Any CPU
		{BB8AE386-3132-4DA4-BDD7-AB19174094AC}.Debug|Any CPU.Build.0 = Debug|Any CPU
		{BB8AE386-3132-4DA4-BDD7-AB19174094AC}.Release|Any CPU.ActiveCfg = Release|Any CPU
		{BB8AE386-3132-4DA4-BDD7-AB19174094AC}.Release|Any CPU.Build.0 = Release|Any CPU
		{0FE43865-FC7F-413B-AF84-6882EA12361D}.Debug|Any CPU.ActiveCfg = Debug|Any CPU
		{0FE43865-FC7F-413B-AF84-6882EA12361D}.Debug|Any CPU.Build.0 = Debug|Any CPU
		{0FE43865-FC7F-413B-AF84-6882EA12361D}.Release|Any CPU.ActiveCfg = Release|Any CPU
		{0FE43865-FC7F-413B-AF84-6882EA12361D}.Release|Any CPU.Build.0 = Release|Any CPU
		{C6BFF4E9-1F24-4933-8D8C-F8D147A0FF4C}.Debug|Any CPU.ActiveCfg = Debug|Any CPU
		{C6BFF4E9-1F24-4933-8D8C-F8D147A0FF4C}.Debug|Any CPU.Build.0 = Debug|Any CPU
		{C6BFF4E9-1F24-4933-8D8C-F8D147A0FF4C}.Release|Any CPU.ActiveCfg = Release|Any CPU
		{C6BFF4E9-1F24-4933-8D8C-F8D147A0FF4C}.Release|Any CPU.Build.0 = Release|Any CPU
		{E67D946A-675E-46B3-8636-F38A23E123B3}.Debug|Any CPU.ActiveCfg = Debug|Any CPU
		{E67D946A-675E-46B3-8636-F38A23E123B3}.Debug|Any CPU.Build.0 = Debug|Any CPU
		{E67D946A-675E-46B3-8636-F38A23E123B3}.Release|Any CPU.ActiveCfg = Release|Any CPU
		{E67D946A-675E-46B3-8636-F38A23E123B3}.Release|Any CPU.Build.0 = Release|Any CPU
		{979591F6-46EA-409D-BAA8-ED4950B8AB95}.Debug|Any CPU.ActiveCfg = Debug|Any CPU
		{979591F6-46EA-409D-BAA8-ED4950B8AB95}.Debug|Any CPU.Build.0 = Debug|Any CPU
		{979591F6-46EA-409D-BAA8-ED4950B8AB95}.Release|Any CPU.ActiveCfg = Release|Any CPU
		{979591F6-46EA-409D-BAA8-ED4950B8AB95}.Release|Any CPU.Build.0 = Release|Any CPU
		{EAADE862-A3B4-4007-9E2E-A9870A3A77C1}.Debug|Any CPU.ActiveCfg = Debug|Any CPU
		{EAADE862-A3B4-4007-9E2E-A9870A3A77C1}.Debug|Any CPU.Build.0 = Debug|Any CPU
		{EAADE862-A3B4-4007-9E2E-A9870A3A77C1}.Release|Any CPU.ActiveCfg = Release|Any CPU
		{EAADE862-A3B4-4007-9E2E-A9870A3A77C1}.Release|Any CPU.Build.0 = Release|Any CPU
		{F2DCEB3A-88A4-4E45-9687-B96255650260}.Debug|Any CPU.ActiveCfg = Debug|Any CPU
		{F2DCEB3A-88A4-4E45-9687-B96255650260}.Debug|Any CPU.Build.0 = Debug|Any CPU
		{F2DCEB3A-88A4-4E45-9687-B96255650260}.Release|Any CPU.ActiveCfg = Release|Any CPU
		{F2DCEB3A-88A4-4E45-9687-B96255650260}.Release|Any CPU.Build.0 = Release|Any CPU
		{6932B2EB-31EE-4734-B012-1F806A5B5747}.Debug|Any CPU.ActiveCfg = Debug|Any CPU
		{6932B2EB-31EE-4734-B012-1F806A5B5747}.Debug|Any CPU.Build.0 = Debug|Any CPU
		{6932B2EB-31EE-4734-B012-1F806A5B5747}.Release|Any CPU.ActiveCfg = Release|Any CPU
		{6932B2EB-31EE-4734-B012-1F806A5B5747}.Release|Any CPU.Build.0 = Release|Any CPU
		{CF95391E-B962-43B3-95E9-3B070B9A9F83}.Debug|Any CPU.ActiveCfg = Debug|Any CPU
		{CF95391E-B962-43B3-95E9-3B070B9A9F83}.Debug|Any CPU.Build.0 = Debug|Any CPU
		{CF95391E-B962-43B3-95E9-3B070B9A9F83}.Release|Any CPU.ActiveCfg = Release|Any CPU
		{CF95391E-B962-43B3-95E9-3B070B9A9F83}.Release|Any CPU.Build.0 = Release|Any CPU
		{5014ABD7-9B34-4D52-875D-E5404A241C0A}.Debug|Any CPU.ActiveCfg = Debug|Any CPU
		{5014ABD7-9B34-4D52-875D-E5404A241C0A}.Debug|Any CPU.Build.0 = Debug|Any CPU
		{5014ABD7-9B34-4D52-875D-E5404A241C0A}.Release|Any CPU.ActiveCfg = Release|Any CPU
		{5014ABD7-9B34-4D52-875D-E5404A241C0A}.Release|Any CPU.Build.0 = Release|Any CPU
		{D6ABEC15-B200-400C-B76B-49665F4001B5}.Debug|Any CPU.ActiveCfg = Debug|Any CPU
		{D6ABEC15-B200-400C-B76B-49665F4001B5}.Debug|Any CPU.Build.0 = Debug|Any CPU
		{D6ABEC15-B200-400C-B76B-49665F4001B5}.Release|Any CPU.ActiveCfg = Release|Any CPU
		{D6ABEC15-B200-400C-B76B-49665F4001B5}.Release|Any CPU.Build.0 = Release|Any CPU
		{6A545D3A-995B-46EA-963D-C5B8F22F47D5}.Debug|Any CPU.ActiveCfg = Debug|Any CPU
		{6A545D3A-995B-46EA-963D-C5B8F22F47D5}.Debug|Any CPU.Build.0 = Debug|Any CPU
		{6A545D3A-995B-46EA-963D-C5B8F22F47D5}.Release|Any CPU.ActiveCfg = Release|Any CPU
		{6A545D3A-995B-46EA-963D-C5B8F22F47D5}.Release|Any CPU.Build.0 = Release|Any CPU
		{75DFC528-063E-4D55-976D-A90B5D0F4591}.Debug|Any CPU.ActiveCfg = Debug|Any CPU
		{75DFC528-063E-4D55-976D-A90B5D0F4591}.Debug|Any CPU.Build.0 = Debug|Any CPU
		{75DFC528-063E-4D55-976D-A90B5D0F4591}.Release|Any CPU.ActiveCfg = Release|Any CPU
		{75DFC528-063E-4D55-976D-A90B5D0F4591}.Release|Any CPU.Build.0 = Release|Any CPU
		{CCC0D30C-A3A7-49DB-AF2E-AA9F1DCCFE8F}.Debug|Any CPU.ActiveCfg = Debug|Any CPU
		{CCC0D30C-A3A7-49DB-AF2E-AA9F1DCCFE8F}.Debug|Any CPU.Build.0 = Debug|Any CPU
		{CCC0D30C-A3A7-49DB-AF2E-AA9F1DCCFE8F}.Release|Any CPU.ActiveCfg = Release|Any CPU
		{CCC0D30C-A3A7-49DB-AF2E-AA9F1DCCFE8F}.Release|Any CPU.Build.0 = Release|Any CPU
		{D84E3229-1847-44A5-8D51-BD1E2C9C14D6}.Debug|Any CPU.ActiveCfg = Debug|Any CPU
		{D84E3229-1847-44A5-8D51-BD1E2C9C14D6}.Debug|Any CPU.Build.0 = Debug|Any CPU
		{D84E3229-1847-44A5-8D51-BD1E2C9C14D6}.Release|Any CPU.ActiveCfg = Release|Any CPU
		{D84E3229-1847-44A5-8D51-BD1E2C9C14D6}.Release|Any CPU.Build.0 = Release|Any CPU
		{27D00775-A15C-4F30-B834-FA10F9E45F58}.Debug|Any CPU.ActiveCfg = Debug|Any CPU
		{27D00775-A15C-4F30-B834-FA10F9E45F58}.Debug|Any CPU.Build.0 = Debug|Any CPU
		{27D00775-A15C-4F30-B834-FA10F9E45F58}.Release|Any CPU.ActiveCfg = Release|Any CPU
		{27D00775-A15C-4F30-B834-FA10F9E45F58}.Release|Any CPU.Build.0 = Release|Any CPU
		{23631F88-E551-4F06-995C-39B6B8FE982D}.Debug|Any CPU.ActiveCfg = Debug|Any CPU
		{23631F88-E551-4F06-995C-39B6B8FE982D}.Debug|Any CPU.Build.0 = Debug|Any CPU
		{23631F88-E551-4F06-995C-39B6B8FE982D}.Release|Any CPU.ActiveCfg = Release|Any CPU
		{23631F88-E551-4F06-995C-39B6B8FE982D}.Release|Any CPU.Build.0 = Release|Any CPU
		{2F25F71A-1409-4D7A-840F-B9047B90EEB8}.Debug|Any CPU.ActiveCfg = Debug|Any CPU
		{2F25F71A-1409-4D7A-840F-B9047B90EEB8}.Debug|Any CPU.Build.0 = Debug|Any CPU
		{2F25F71A-1409-4D7A-840F-B9047B90EEB8}.Release|Any CPU.ActiveCfg = Release|Any CPU
		{2F25F71A-1409-4D7A-840F-B9047B90EEB8}.Release|Any CPU.Build.0 = Release|Any CPU
		{BDB75C48-A4AF-4F48-908A-7163D97E8078}.Debug|Any CPU.ActiveCfg = Debug|Any CPU
		{BDB75C48-A4AF-4F48-908A-7163D97E8078}.Debug|Any CPU.Build.0 = Debug|Any CPU
		{BDB75C48-A4AF-4F48-908A-7163D97E8078}.Release|Any CPU.ActiveCfg = Release|Any CPU
		{BDB75C48-A4AF-4F48-908A-7163D97E8078}.Release|Any CPU.Build.0 = Release|Any CPU
		{8D9B5E66-A515-43BE-A436-5472D9D522CF}.Debug|Any CPU.ActiveCfg = Debug|Any CPU
		{8D9B5E66-A515-43BE-A436-5472D9D522CF}.Debug|Any CPU.Build.0 = Debug|Any CPU
		{8D9B5E66-A515-43BE-A436-5472D9D522CF}.Release|Any CPU.ActiveCfg = Release|Any CPU
		{8D9B5E66-A515-43BE-A436-5472D9D522CF}.Release|Any CPU.Build.0 = Release|Any CPU
		{0083FFD7-6216-4E3B-8934-CCC462C3528C}.Debug|Any CPU.ActiveCfg = Debug|Any CPU
		{0083FFD7-6216-4E3B-8934-CCC462C3528C}.Debug|Any CPU.Build.0 = Debug|Any CPU
		{0083FFD7-6216-4E3B-8934-CCC462C3528C}.Release|Any CPU.ActiveCfg = Release|Any CPU
		{0083FFD7-6216-4E3B-8934-CCC462C3528C}.Release|Any CPU.Build.0 = Release|Any CPU
		{88F08173-5D70-4E15-AA60-DD72DC35CC01}.Debug|Any CPU.ActiveCfg = Debug|Any CPU
		{88F08173-5D70-4E15-AA60-DD72DC35CC01}.Debug|Any CPU.Build.0 = Debug|Any CPU
		{88F08173-5D70-4E15-AA60-DD72DC35CC01}.Release|Any CPU.ActiveCfg = Release|Any CPU
		{88F08173-5D70-4E15-AA60-DD72DC35CC01}.Release|Any CPU.Build.0 = Release|Any CPU
		{349A3A2F-22EC-4AD2-B22F-C656799B416B}.Debug|Any CPU.ActiveCfg = Debug|Any CPU
		{349A3A2F-22EC-4AD2-B22F-C656799B416B}.Debug|Any CPU.Build.0 = Debug|Any CPU
		{349A3A2F-22EC-4AD2-B22F-C656799B416B}.Release|Any CPU.ActiveCfg = Release|Any CPU
		{349A3A2F-22EC-4AD2-B22F-C656799B416B}.Release|Any CPU.Build.0 = Release|Any CPU
		{83658484-1A97-40D4-ACAD-A0ED37A8BA5D}.Debug|Any CPU.ActiveCfg = Debug|Any CPU
		{83658484-1A97-40D4-ACAD-A0ED37A8BA5D}.Debug|Any CPU.Build.0 = Debug|Any CPU
		{83658484-1A97-40D4-ACAD-A0ED37A8BA5D}.Release|Any CPU.ActiveCfg = Release|Any CPU
		{83658484-1A97-40D4-ACAD-A0ED37A8BA5D}.Release|Any CPU.Build.0 = Release|Any CPU
		{12B5EE48-B4F9-4C5A-AA61-8FE35A1959DE}.Debug|Any CPU.ActiveCfg = Debug|Any CPU
		{12B5EE48-B4F9-4C5A-AA61-8FE35A1959DE}.Debug|Any CPU.Build.0 = Debug|Any CPU
		{12B5EE48-B4F9-4C5A-AA61-8FE35A1959DE}.Release|Any CPU.ActiveCfg = Release|Any CPU
		{12B5EE48-B4F9-4C5A-AA61-8FE35A1959DE}.Release|Any CPU.Build.0 = Release|Any CPU
		{716814B4-552B-4699-A36E-A9A88D2883EE}.Debug|Any CPU.ActiveCfg = Debug|Any CPU
		{716814B4-552B-4699-A36E-A9A88D2883EE}.Debug|Any CPU.Build.0 = Debug|Any CPU
		{716814B4-552B-4699-A36E-A9A88D2883EE}.Release|Any CPU.ActiveCfg = Release|Any CPU
		{716814B4-552B-4699-A36E-A9A88D2883EE}.Release|Any CPU.Build.0 = Release|Any CPU
		{3A70DCD5-99D0-4078-B430-7E391803C43F}.Debug|Any CPU.ActiveCfg = Debug|Any CPU
		{3A70DCD5-99D0-4078-B430-7E391803C43F}.Debug|Any CPU.Build.0 = Debug|Any CPU
		{3A70DCD5-99D0-4078-B430-7E391803C43F}.Release|Any CPU.ActiveCfg = Release|Any CPU
		{3A70DCD5-99D0-4078-B430-7E391803C43F}.Release|Any CPU.Build.0 = Release|Any CPU
		{13432AD9-A8D9-4111-BECF-AC9BBCF5CC44}.Debug|Any CPU.ActiveCfg = Debug|Any CPU
		{13432AD9-A8D9-4111-BECF-AC9BBCF5CC44}.Debug|Any CPU.Build.0 = Debug|Any CPU
		{13432AD9-A8D9-4111-BECF-AC9BBCF5CC44}.Release|Any CPU.ActiveCfg = Release|Any CPU
		{13432AD9-A8D9-4111-BECF-AC9BBCF5CC44}.Release|Any CPU.Build.0 = Release|Any CPU
	EndGlobalSection
	GlobalSection(SolutionProperties) = preSolution
		HideSolutionNode = FALSE
	EndGlobalSection
	GlobalSection(ExtensibilityGlobals) = postSolution
		SolutionGuid = {185DEBF1-532C-40DC-8C6B-C2E6F9F7EEDE}
	EndGlobalSection
EndGlobal
